{
  "lockfileVersion": 1,
  "configVersion": 1,
  "workspaces": {
    "": {
      "name": "@artisansdk/architect",
      "dependencies": {
        "valtio": "^2.1.7",
      },
      "devDependencies": {
        "@biomejs/biome": "2.5.11",
        "@types/react": "^19.2.14",
        "@types/react-dom": "^19.2.3",
        "bun-types": "^1.3.13",
        "fallow": "^2.67.0",
        "husky": "^9.1.7",
        "solid-js": "^1.9.12",
        "typescript": "^5.9.3",
        "vue": "^3.5.34",
      },
      "peerDependencies": {
        "react": "^19.0.0",
        "react-dom": "^19.0.0",
        "reflect-metadata": "^0.2.2",
        "solid-js": "^1.9.0",
        "svelte": "",
        "vue": "^3.0.0",
      },
      "optionalPeers": [
        "react",
        "react-dom",
        "solid-js",
        "svelte",
        "vue",
      ],
    },
  },
  "packages": {
    "@babel/helper-string-parser": ["@babel/helper-string-parser@7.27.1", "", {}, "sha512-qMlSxKbpRlAridDExk92nSobyDdpPijUq2DW6oDnUqd0iOGxmQjyqhMIihI9+zv4LPyZdRje2cavWPbCbWm3eA=="],

    "@babel/helper-validator-identifier": ["@babel/helper-validator-identifier@7.28.5", "", {}, "sha512-qSs4ifwzKJSV39ucNjsvc6WVHs6b7S03sOh2OcHF9UHfVPqWWALUsNUVzhSBiItjRZoLHx7nIarVjqKVusUZ1Q=="],

    "@babel/parser": ["@babel/parser@7.29.3", "", { "dependencies": { "@babel/types": "^7.29.0" }, "bin": "./bin/babel-parser.js" }, "sha512-b3ctpQwp+PROvU/cttc4OYl4MzfJUWy6FZg+PMXfzmt/+39iHVF0sDfqay8TQM3JA2EUOyKcFZt75jWriQijsA=="],

    "@babel/types": ["@babel/types@7.29.0", "", { "dependencies": { "@babel/helper-string-parser": "^7.27.1", "@babel/helper-validator-identifier": "^7.28.5" } }, "sha512-LwdZHpScM4Qz8Xw2iKSzS+cfglZzJGvofQICy7W7v4caru4EaAmyUuO6BGrbyQ2mYV11W0U8j5mBhd14dd3B0A=="],

    "@biomejs/biome": ["@biomejs/biome@2.5.11", "", { "optionalDependencies": { "@biomejs/cli-darwin-arm64": "2.5.11", "@biomejs/cli-darwin-x64": "2.5.11", "@biomejs/cli-linux-arm64": "2.5.11", "@biomejs/cli-linux-arm64-musl": "2.5.11", "@biomejs/cli-linux-x64": "2.5.11", "@biomejs/cli-linux-x64-musl": "2.5.11", "@biomejs/cli-win32-arm64": "2.5.11", "@biomejs/cli-win32-x64": "2.5.11" }, "bin": { "biome": "bin/biome" } }, "sha512-Tj0dnkLPdW0ASjHfj2D/ZkkvPU2wrFmnE1jWTD2xzV1ycapV1DutbYXk4NDnR3rYTi1ZCbNFD4G2gRMEY65WaA=="],

    "@biomejs/cli-darwin-arm64": ["@biomejs/cli-darwin-arm64@2.5.11", "", { "os": "darwin", "cpu": "arm64" }, "sha512-6SGZxoKbXvUjMn1t6A98HqWISPnGNbYs0R/Rt2JarmXBSev+lva4QxUMWEBX9lX1Wo1XTJ78uk5xVDtG58SRZg=="],

    "@biomejs/cli-darwin-x64": ["@biomejs/cli-darwin-x64@2.5.11", "", { "os": "darwin", "cpu": "x64" }, "sha512-nYkXY7tLBEgnGbYapDKAyKzgt44ZEyG+AKalvTXtCWKYgepI9dw327q+cVgedxm+Udi1ZzHKUyZrIusHi/KQbw=="],

    "@biomejs/cli-linux-arm64": ["@biomejs/cli-linux-arm64@2.5.11", "", { "os": "linux", "cpu": "arm64" }, "sha512-3PVLSTD9RR73rvVPt5G3T1gc+ycggWEGfTD7RvzzbtcDPD27NxgxBbAFfpm7DXJKW6VLHWE1lLMGvFt2Qxjcow=="],

    "@biomejs/cli-linux-arm64-musl": ["@biomejs/cli-linux-arm64-musl@2.5.11", "", { "os": "linux", "cpu": "arm64" }, "sha512-qhyZUMyCbWYFV2bAwRNVvfMVZ+hv7WYl6mossGrxC+uiQQXhvsuWWU8zz6jYX0mChZd9MgQZbm4vozTmG/5iGw=="],

    "@biomejs/cli-linux-x64": ["@biomejs/cli-linux-x64@2.5.11", "", { "os": "linux", "cpu": "x64" }, "sha512-JOytptlsgM33B2MMFUg8iBrb4IKpbD5JnJrSeYiaFEeAj4vuXx0iQSQZ4qK7sqyMtfjZxxPdNdMZZVL4y/mFyA=="],

    "@biomejs/cli-linux-x64-musl": ["@biomejs/cli-linux-x64-musl@2.5.11", "", { "os": "linux", "cpu": "x64" }, "sha512-oRRlrchG5EfrEL/EmtT1qUjSNHk3/5LGeZhQqADBBAJF1b1ET6964xEKe7aGlGARzDfza8H/seEsFJl7S6Ql9w=="],

    "@biomejs/cli-win32-arm64": ["@biomejs/cli-win32-arm64@2.5.11", "", { "os": "win32", "cpu": "arm64" }, "sha512-e49E6K9hzH/ohJNx8Y26mY8HaV4I4ZViIeoqhKsmoXLKHhQnMeBAVqCgsGf2Wa3lXlS7RkporDXMHHWkzvZzFw=="],

    "@biomejs/cli-win32-x64": ["@biomejs/cli-win32-x64@2.5.11", "", { "os": "win32", "cpu": "x64" }, "sha512-QSQr/KjOgXA7OzXJUWS+oguKyAZ3Q0l/lnlDGbu397eKo83atuWUjBPJrsqbKNF6CARGw8XXJLGzpHC8Ryhd4Q=="],

    "@fallow-cli/darwin-arm64": ["@fallow-cli/darwin-arm64@2.67.0", "", { "os": "darwin", "cpu": "arm64" }, "sha512-pDs2DyoJW8ikPxgpCV0pH6ix2DNbNrmDBNz3as1+K5fKo4d6iML3/RlNvjpQPHjxyrainfMdzFmETay+JbAR0g=="],

    "@fallow-cli/darwin-x64": ["@fallow-cli/darwin-x64@2.67.0", "", { "os": "darwin", "cpu": "x64" }, "sha512-My2gxdt2EURGSHmDlfvQghI6uFEKiiS2xN50lGZi0K3N9gc6+YC9Cq7wVxt5hPqiP/urMmceU4gErkI+L93s6Q=="],

    "@fallow-cli/linux-arm64-gnu": ["@fallow-cli/linux-arm64-gnu@2.67.0", "", { "os": "linux", "cpu": "arm64" }, "sha512-4c4b9kl8H1Fqu6a4MN8GciD2A949i4dT2tBZN75oPSJo4LKHFv91Zgj/DjmVACw9KXPtTTFCqqEekCwXpwHDFA=="],

    "@fallow-cli/linux-arm64-musl": ["@fallow-cli/linux-arm64-musl@2.67.0", "", { "os": "linux", "cpu": "arm64" }, "sha512-ytP8nTtSU1vkgXkt+BpH2tk87J/d0/NYrGfO5pG2mW0wPOWzRVwFN7lP0JE612ZzKfbId0r8t+Y0WAVuOl723Q=="],

    "@fallow-cli/linux-x64-gnu": ["@fallow-cli/linux-x64-gnu@2.67.0", "", { "os": "linux", "cpu": "x64" }, "sha512-NjNJxugyRsFpce2894KsNz88uWX+V2CzX7WmC2gSbnqAJbvwG/am9A6gf5QvYy6hiW72e5sLBoXRT5lc9fj1BQ=="],

    "@fallow-cli/linux-x64-musl": ["@fallow-cli/linux-x64-musl@2.67.0", "", { "os": "linux", "cpu": "x64" }, "sha512-bjSQsvhWXrcXN3UWeA2Dehch0C1nhaVPjQkkkRBqTx/kv7YMMCsi2vu3XwEXuASAGDJkINBiwfDSlr08+aSq3A=="],

    "@fallow-cli/win32-arm64-msvc": ["@fallow-cli/win32-arm64-msvc@2.67.0", "", { "os": "win32", "cpu": "arm64" }, "sha512-kep5YQEmcHRn2mtkYYnLxjMFte+DoV0qLq6S8xIH917wEyGV8Tg+mp4sXhgl8x1Bk5JjRPMKx2BNaUK7IUaVog=="],

    "@fallow-cli/win32-x64-msvc": ["@fallow-cli/win32-x64-msvc@2.67.0", "", { "os": "win32", "cpu": "x64" }, "sha512-nRMm9NVp0/vLeL/BLaY/DiU8uY6MAa6LTBO5qu3iNNRsDLf3Y2uQ8Tjb/gR337A/LlkfnapVHrqt9FPXvih6Kw=="],

    "@jridgewell/sourcemap-codec": ["@jridgewell/sourcemap-codec@1.5.5", "", {}, "sha512-cYQ9310grqxueWbl+WuIUIaiUaDcj7WOq5fVhEljNVgRfOUhY9fy2zTvfoqWsnebh8Sl70VScFbICvJnLKB0Og=="],

    "@types/node": ["@types/node@25.2.3", "", { "dependencies": { "undici-types": "~7.16.0" } }, "sha512-m0jEgYlYz+mDJZ2+F4v8D1AyQb+QzsNqRuI7xg1VQX/KlKS0qT9r1Mo16yo5F/MtifXFgaofIFsdFMox2SxIbQ=="],

    "@types/react": ["@types/react@19.2.14", "", { "dependencies": { "csstype": "^3.2.2" } }, "sha512-ilcTH/UniCkMdtexkoCN0bI7pMcJDvmQFPvuPvmEaYA/NSfFTAgdUSLAoVjaRJm7+6PvcM+q1zYOwS4wTYMF9w=="],

    "@types/react-dom": ["@types/react-dom@19.2.3", "", { "peerDependencies": { "@types/react": "^19.2.0" } }, "sha512-jp2L/eY6fn+KgVVQAOqYItbF0VY/YApe5Mz2F0aykSO8gx31bYCZyvSeYxCHKvzHG5eZjc+zyaS5BrBWya2+kQ=="],

    "@vue/compiler-core": ["@vue/compiler-core@3.5.34", "", { "dependencies": { "@babel/parser": "^7.29.3", "@vue/shared": "3.5.34", "entities": "^7.0.1", "estree-walker": "^2.0.2", "source-map-js": "^1.2.1" } }, "sha512-s9cLyK5mLcvZ4Agva5QgRsQyLKvts9WbU9DB6NqiZkkGEdwmcEiylj5Jbwkp680drF/NNCV8OlAJSe+yMLxaJw=="],

    "@vue/compiler-dom": ["@vue/compiler-dom@3.5.34", "", { "dependencies": { "@vue/compiler-core": "3.5.34", "@vue/shared": "3.5.34" } }, "sha512-EbF/T++k0e2MMZlJsBhzK8Sgwt0HcIPOhzn1CTB/lv6sQcyk+OWf8YeiLxZp3ro7MbbLcAfAJ6sEvjFWuNgUCw=="],

    "@vue/compiler-sfc": ["@vue/compiler-sfc@3.5.34", "", { "dependencies": { "@babel/parser": "^7.29.3", "@vue/compiler-core": "3.5.34", "@vue/compiler-dom": "3.5.34", "@vue/compiler-ssr": "3.5.34", "@vue/shared": "3.5.34", "estree-walker": "^2.0.2", "magic-string": "^0.30.21", "postcss": "^8.5.14", "source-map-js": "^1.2.1" } }, "sha512-D/ihr6uZeIt6r+pVZf46RWT1fAsLFMbUP7k8G1VkiiWexriED9GrX3echHd4Abbt17zjlfiFJ8z7a3BxZOPNjg=="],

    "@vue/compiler-ssr": ["@vue/compiler-ssr@3.5.34", "", { "dependencies": { "@vue/compiler-dom": "3.5.34", "@vue/shared": "3.5.34" } }, "sha512-cDtTHKibkThKGHH1SP+WdccquNRYQDFH6rRjQCqT9G2ltFAfoR5pUftpab/z+aM5mW9HLLVQW7hfKKQe/1GBeQ=="],

    "@vue/reactivity": ["@vue/reactivity@3.5.34", "", { "dependencies": { "@vue/shared": "3.5.34" } }, "sha512-y9XDjCEuBp+98k+UL5dbYkh57AHU4o6cxZedOPXw3bmrZZYLQsVHguGurq7hVrPCSrQtrnz1f9dssyFr+dMXfQ=="],

    "@vue/runtime-core": ["@vue/runtime-core@3.5.34", "", { "dependencies": { "@vue/reactivity": "3.5.34", "@vue/shared": "3.5.34" } }, "sha512-mKeBYvu8tcMSLhypAHBmriUFfWXKTCF/23Z4jiCoYK3UtWepkliViNLuR90V9XOyD62mUxs9p1jsrpK3CCGIzw=="],

    "@vue/runtime-dom": ["@vue/runtime-dom@3.5.34", "", { "dependencies": { "@vue/reactivity": "3.5.34", "@vue/runtime-core": "3.5.34", "@vue/shared": "3.5.34", "csstype": "^3.2.3" } }, "sha512-e8kZzERmCwUnBRVsgSQlAfrfU2rGoy0FFKPBXSlfEjc/O3KfA7QP0t1/2ZylrbchjmIKB4dPTd07A6WPr0eOrg=="],

    "@vue/server-renderer": ["@vue/server-renderer@3.5.34", "", { "dependencies": { "@vue/compiler-ssr": "3.5.34", "@vue/shared": "3.5.34" }, "peerDependencies": { "vue": "3.5.34" } }, "sha512-nHxmJoTrKsmrkbILRhkC9gY1G3moZbJTqCzDd7DOOzG5KH9oeJ0Unqrff5f9v0pW//jES05ZkJcNtfE8JjOIew=="],

    "@vue/shared": ["@vue/shared@3.5.34", "", {}, "sha512-24uqU4OIiX29ryC3MeWid/Xf2fa2EFRUVLb77nRhk+UrTVrh/XiGtFAFmJBAtBRbjwNdsPRP+jj/OL27Eg1NDA=="],

    "bun-types": ["bun-types@1.3.13", "", { "dependencies": { "@types/node": "*" } }, "sha512-QXKeHLlOLqQX9LgYaHJfzdBaV21T63HhFJnvuRCcjZiaUDpbs5ED1MgxbMra71CsryN/1dAoXuJJJwIv/2drVA=="],

    "csstype": ["csstype@3.2.3", "", {}, "sha512-z1HGKcYy2xA8AGQfwrn0PAy+PB7X/GSj3UVJW9qKyn43xWa+gl5nXmU4qqLMRzWVLFC8KusUX8T/0kCiOYpAIQ=="],

    "detect-libc": ["detect-libc@2.1.2", "", {}, "sha512-Btj2BOOO83o3WyH59e8MgXsxEQVcarkUOpEYrubB0urwnN10yQ364rsiByU11nZlqWYZm05i/of7io4mzihBtQ=="],

    "entities": ["entities@7.0.1", "", {}, "sha512-TWrgLOFUQTH994YUyl1yT4uyavY5nNB5muff+RtWaqNVCAK408b5ZnnbNAUEWLTCpum9w6arT70i1XdQ4UeOPA=="],

    "estree-walker": ["estree-walker@2.0.2", "", {}, "sha512-Rfkk/Mp/DL7JVje3u18FxFujQlTNR2q6QfMSMB7AvCBx91NGj/ba3kCfza0f6dVDbw7YlRf/nDrn7pQrCCyQ/w=="],

    "fallow": ["fallow@2.67.0", "", { "dependencies": { "detect-libc": "2.1.2" }, "optionalDependencies": { "@fallow-cli/darwin-arm64": "2.67.0", "@fallow-cli/darwin-x64": "2.67.0", "@fallow-cli/linux-arm64-gnu": "2.67.0", "@fallow-cli/linux-arm64-musl": "2.67.0", "@fallow-cli/linux-x64-gnu": "2.67.0", "@fallow-cli/linux-x64-musl": "2.67.0", "@fallow-cli/win32-arm64-msvc": "2.67.0", "@fallow-cli/win32-x64-msvc": "2.67.0" }, "bin": { "fallow": "bin/fallow", "fallow-lsp": "bin/fallow-lsp", "fallow-mcp": "bin/fallow-mcp" } }, "sha512-Nov3aHZZeilTYUtuC1N+qXUgPTpvqDtOOHa8lbbQzZWLnUxHSNcDp/xyoVHPIEiQxkkV8QIPHA99V+j47GjM0Q=="],

    "husky": ["husky@9.1.7", "", { "bin": { "husky": "bin.js" } }, "sha512-5gs5ytaNjBrh5Ow3zrvdUUY+0VxIuWVL4i9irt6friV+BqdCfmV11CQTWMiBYWHbXhco+J1kHfTOUkePhCDvMA=="],

    "magic-string": ["magic-string@0.30.21", "", { "dependencies": { "@jridgewell/sourcemap-codec": "^1.5.5" } }, "sha512-vd2F4YUyEXKGcLHoq+TEyCjxueSeHnFxyyjNp80yg0XV4vUhnDer/lvvlqM/arB5bXQN5K2/3oinyCRyx8T2CQ=="],

    "nanoid": ["nanoid@3.3.11", "", { "bin": { "nanoid": "bin/nanoid.cjs" } }, "sha512-N8SpfPUnUp1bK+PMYW8qSWdl9U+wwNWI4QKxOYDy9JAro3WMX7p2OeVRF9v+347pnakNevPmiHhNmZ2HbFA76w=="],

    "picocolors": ["picocolors@1.1.1", "", {}, "sha512-xceH2snhtb5M9liqDsmEw56le376mTZkEX/jEb/RxNFyegNul7eNslCXP9FDj/Lcu0X8KEyMceP2ntpaHrDEVA=="],

    "postcss": ["postcss@8.5.14", "", { "dependencies": { "nanoid": "^3.3.11", "picocolors": "^1.1.1", "source-map-js": "^1.2.1" } }, "sha512-SoSL4+OSEtR99LHFZQiJLkT59C5B1amGO1NzTwj7TT1qCUgUO6hxOvzkOYxD+vMrXBM3XJIKzokoERdqQq/Zmg=="],

    "proxy-compare": ["proxy-compare@3.0.1", "", {}, "sha512-V9plBAt3qjMlS1+nC8771KNf6oJ12gExvaxnNzN/9yVRLdTv/lc+oJlnSzrdYDAvBfTStPCoiaCOTmTs0adv7Q=="],

    "reflect-metadata": ["reflect-metadata@0.2.2", "", {}, "sha512-urBwgfrvVP/eAyXx4hluJivBKzuEbSQs9rKWCrCkbSxNv8mxPcUZKeuoF3Uy4mJl3Lwprp6yy5/39VWigZ4K6Q=="],

    "seroval": ["seroval@1.5.0", "", {}, "sha512-OE4cvmJ1uSPrKorFIH9/w/Qwuvi/IMcGbv5RKgcJ/zjA/IohDLU6SVaxFN9FwajbP7nsX0dQqMDes1whk3y+yw=="],

    "seroval-plugins": ["seroval-plugins@1.5.0", "", { "peerDependencies": { "seroval": "^1.0" } }, "sha512-EAHqADIQondwRZIdeW2I636zgsODzoBDwb3PT/+7TLDWyw1Dy/Xv7iGUIEXXav7usHDE9HVhOU61irI3EnyyHA=="],

    "solid-js": ["solid-js@1.9.12", "", { "dependencies": { "csstype": "^3.1.0", "seroval": "~1.5.0", "seroval-plugins": "~1.5.0" } }, "sha512-QzKaSJq2/iDrWR1As6MHZQ8fQkdOBf8GReYb7L5iKwMGceg7HxDcaOHk0at66tNgn9U2U7dXo8ZZpLIAmGMzgw=="],

    "source-map-js": ["source-map-js@1.2.1", "", {}, "sha512-UXWMKhLOwVKb728IUtQPXxfYU+usdybtUrK/8uGE8CQMvrhOpwvzDBwj0QhSL7MQc7vIsISBG8VQ8+IDQxpfQA=="],

    "typescript": ["typescript@5.9.3", "", { "bin": { "tsc": "bin/tsc", "tsserver": "bin/tsserver" } }, "sha512-jl1vZzPDinLr9eUt3J/t7V6FgNEw9QjvBPdysz9KfQDD41fQrC2Y4vKQdiaUpFT4bXlb1RHhLpp8wtm6M5TgSw=="],

    "undici-types": ["undici-types@7.16.0", "", {}, "sha512-Zz+aZWSj8LE6zoxD+xrjh4VfkIG8Ya6LvYkZqtUQGJPZjYl53ypCaUwWqo7eI0x66KBGeRo+mlBEkMSeSZ38Nw=="],

    "valtio": ["valtio@2.3.2", "", { "dependencies": { "proxy-compare": "^3.0.1" }, "peerDependencies": { "@types/react": ">=18.0.0", "react": ">=18.0.0" }, "optionalPeers": ["@types/react", "react"] }, "sha512-YXhWQei9IN/ZDce9rhL3trCq9+vVq8M1gWmKVdP3YSZ2gxsmmNWVbxXwf9yG6ffu/dAvAD91nevg8xirGr4Dhg=="],

    "vue": ["vue@3.5.34", "", { "dependencies": { "@vue/compiler-dom": "3.5.34", "@vue/compiler-sfc": "3.5.34", "@vue/runtime-dom": "3.5.34", "@vue/server-renderer": "3.5.34", "@vue/shared": "3.5.34" }, "peerDependencies": { "typescript": "*" }, "optionalPeers": ["typescript"] }, "sha512-WdLBG9gm02OgJIG9axd5Hpx0TFLdzVgfG2evFFu8Rur5O/IoGc5cMjnjh3tPL6GnRGsYvUhBSKVPYVcxRKpMCA=="],
  }
}
